version = 1
revision = 3
requires-python = "==3.11.*"
resolution-markers = [
    "sys_platform == 'win32'",
    "sys_platform == 'emscripten'",
    "sys_platform != 'emscripten' and sys_platform != 'win32'",
]

[[package]]
name = "speechgen"
version = "0.1.0"
source = { virtual = "." }
dependencies = [
    { name = "yt-dlp" },
]

[package.metadata]
requires-dist = [{ name = "yt-dlp", specifier = ">=2023.11.16" }]

[[package]]
name = "yt-dlp"
version = "2026.2.21"
source = { registry = "https://pypi.org/simple" }
sdist = { url = "https://files.pythonhosted.org/packages/58/d9/55ffff25204733e94a507552ad984d5a8a8e4f9d1f0d91763e6b1a41c79b/yt_dlp-2026.2.21.tar.gz", hash = "sha256:4407dfc1a71fec0dee5ef916a8d4b66057812939b509ae45451fa8fb4376b539", size = 3116630, upload-time = "2026-02-21T20:40:53.522Z" }
wheels = [
    { url = "https://files.pythonhosted.org/packages/5a/40/664c99ee36d80d84ce7a96cd98aebcb3d16c19e6c3ad3461d2cf5424040e/yt_dlp-2026.2.21-py3-none-any.whl", hash = "sha256:0d8408f5b6d20487f5caeb946dfd04f9bcd2f1a3a125b744a0a982b590e449f7", size = 3313392, upload-time = "2026-02-21T20:40:51.514Z" },
]
